// !$*UTF8*$!
{
	archiveVersion = 1;
	classes = {
	};
	objectVersion = 46;
	objects = {

/* Begin PBXBuildFile section */
		2700E2F21EEF7C680017DA4E /* SearchViewController.m in Sources */ = {isa = PBXBuildFile; fileRef = 2700E2F01EEF7C680017DA4E /* SearchViewController.m */; };
		27471AC11EF0E30E00525DA9 /* PullDownTableView.m in Sources */ = {isa = PBXBuildFile; fileRef = 27471AC01EF0E30E00525DA9 /* PullDownTableView.m */; };
		27471AC41EF0E34C00525DA9 /* SearchReultCell.m in Sources */ = {isa = PBXBuildFile; fileRef = 27471AC31EF0E34C00525DA9 /* SearchReultCell.m */; };
		27471AC71EF0E7AC00525DA9 /* PlaceResultViewController.m in Sources */ = {isa = PBXBuildFile; fileRef = 27471AC61EF0E7AC00525DA9 /* PlaceResultViewController.m */; };
		27471ACB1EF0E86000525DA9 /* ResultPlaceCell.m in Sources */ = {isa = PBXBuildFile; fileRef = 27471AC91EF0E86000525DA9 /* ResultPlaceCell.m */; };
		27471ACC1EF0E86000525DA9 /* ResultPlaceCell.xib in Resources */ = {isa = PBXBuildFile; fileRef = 27471ACA1EF0E86000525DA9 /* ResultPlaceCell.xib */; };
		274CC7C61EEFD617009FD9F0 /* MAMapView+MapView.m in Sources */ = {isa = PBXBuildFile; fileRef = 274CC7C51EEFD617009FD9F0 /* MAMapView+MapView.m */; };
		274CC7C91EF01143009FD9F0 /* AMapSearchObject+SearchObject.m in Sources */ = {isa = PBXBuildFile; fileRef = 274CC7C81EF01143009FD9F0 /* AMapSearchObject+SearchObject.m */; };
		276016A61EE8103C00B69CE2 /* TLTextField.m in Sources */ = {isa = PBXBuildFile; fileRef = 276016A51EE8103C00B69CE2 /* TLTextField.m */; };
		279021E61EE6598800A4A7A1 /* main.m in Sources */ = {isa = PBXBuildFile; fileRef = 279021E51EE6598800A4A7A1 /* main.m */; };
		279021E91EE6598800A4A7A1 /* AppDelegate.m in Sources */ = {isa = PBXBuildFile; fileRef = 279021E81EE6598800A4A7A1 /* AppDelegate.m */; };
		279021EC1EE6598800A4A7A1 /* ViewController.m in Sources */ = {isa = PBXBuildFile; fileRef = 279021EB1EE6598800A4A7A1 /* ViewController.m */; };
		279021EF1EE6598800A4A7A1 /* Main.storyboard in Resources */ = {isa = PBXBuildFile; fileRef = 279021ED1EE6598800A4A7A1 /* Main.storyboard */; };
		279021F11EE6598800A4A7A1 /* Assets.xcassets in Resources */ = {isa = PBXBuildFile; fileRef = 279021F01EE6598800A4A7A1 /* Assets.xcassets */; };
		279021F41EE6598800A4A7A1 /* LaunchScreen.storyboard in Resources */ = {isa = PBXBuildFile; fileRef = 279021F21EE6598800A4A7A1 /* LaunchScreen.storyboard */; };
		279026191EE69F2400A4A7A1 /* AMapLocationKit.framework in Frameworks */ = {isa = PBXBuildFile; fileRef = 279026181EE69F2400A4A7A1 /* AMapLocationKit.framework */; };
		27C42A611EF779A000357CB5 /* PathPlanningViewController.m in Sources */ = {isa = PBXBuildFile; fileRef = 27C42A601EF779A000357CB5 /* PathPlanningViewController.m */; };
		27F269111EF8FBA900F914E7 /* DetailsViewController.m in Sources */ = {isa = PBXBuildFile; fileRef = 27F269101EF8FBA900F914E7 /* DetailsViewController.m */; };
		C553439E1A371699C7E21177 /* libPods-TLGaodeMap.a in Frameworks */ = {isa = PBXBuildFile; fileRef = 0B7A7FA6B15435A81C927257 /* libPods-TLGaodeMap.a */; };
/* End PBXBuildFile section */

/* Begin PBXFileReference section */
		0B7A7FA6B15435A81C927257 /* libPods-TLGaodeMap.a */ = {isa = PBXFileReference; explicitFileType = archive.ar; includeInIndex = 0; path = "libPods-TLGaodeMap.a"; sourceTree = BUILT_PRODUCTS_DIR; };
		2700E2EF1EEF7C680017DA4E /* SearchViewController.h */ = {isa = PBXFileReference; fileEncoding = 4; lastKnownFileType = sourcecode.c.h; path = SearchViewController.h; sourceTree = "<group>"; };
		2700E2F01EEF7C680017DA4E /* SearchViewController.m */ = {isa = PBXFileReference; fileEncoding = 4; lastKnownFileType = sourcecode.c.objc; path = SearchViewController.m; sourceTree = "<group>"; };
		27471ABF1EF0E30E00525DA9 /* PullDownTableView.h */ = {isa = PBXFileReference; fileEncoding = 4; lastKnownFileType = sourcecode.c.h; path = PullDownTableView.h; sourceTree = "<group>"; };
		27471AC01EF0E30E00525DA9 /* PullDownTableView.m */ = {isa = PBXFileReference; fileEncoding = 4; lastKnownFileType = sourcecode.c.objc; path = PullDownTableView.m; sourceTree = "<group>"; };
		27471AC21EF0E34C00525DA9 /* SearchReultCell.h */ = {isa = PBXFileReference; fileEncoding = 4; lastKnownFileType = sourcecode.c.h; path = SearchReultCell.h; sourceTree = "<group>"; };
		27471AC31EF0E34C00525DA9 /* SearchReultCell.m */ = {isa = PBXFileReference; fileEncoding = 4; lastKnownFileType = sourcecode.c.objc; path = SearchReultCell.m; sourceTree = "<group>"; };
		27471AC51EF0E7AC00525DA9 /* PlaceResultViewController.h */ = {isa = PBXFileReference; fileEncoding = 4; lastKnownFileType = sourcecode.c.h; path = PlaceResultViewController.h; sourceTree = "<group>"; };
		27471AC61EF0E7AC00525DA9 /* PlaceResultViewController.m */ = {isa = PBXFileReference; fileEncoding = 4; lastKnownFileType = sourcecode.c.objc; path = PlaceResultViewController.m; sourceTree = "<group>"; };
		27471AC81EF0E86000525DA9 /* ResultPlaceCell.h */ = {isa = PBXFileReference; fileEncoding = 4; lastKnownFileType = sourcecode.c.h; path = ResultPlaceCell.h; sourceTree = "<group>"; };
		27471AC91EF0E86000525DA9 /* ResultPlaceCell.m */ = {isa = PBXFileReference; fileEncoding = 4; lastKnownFileType = sourcecode.c.objc; path = ResultPlaceCell.m; sourceTree = "<group>"; };
		27471ACA1EF0E86000525DA9 /* ResultPlaceCell.xib */ = {isa = PBXFileReference; fileEncoding = 4; lastKnownFileType = file.xib; path = ResultPlaceCell.xib; sourceTree = "<group>"; };
		274CC7C41EEFD617009FD9F0 /* MAMapView+MapView.h */ = {isa = PBXFileReference; fileEncoding = 4; lastKnownFileType = sourcecode.c.h; path = "MAMapView+MapView.h"; sourceTree = "<group>"; };
		274CC7C51EEFD617009FD9F0 /* MAMapView+MapView.m */ = {isa = PBXFileReference; fileEncoding = 4; lastKnownFileType = sourcecode.c.objc; path = "MAMapView+MapView.m"; sourceTree = "<group>"; };
		274CC7C71EF01143009FD9F0 /* AMapSearchObject+SearchObject.h */ = {isa = PBXFileReference; fileEncoding = 4; lastKnownFileType = sourcecode.c.h; path = "AMapSearchObject+SearchObject.h"; sourceTree = "<group>"; };
		274CC7C81EF01143009FD9F0 /* AMapSearchObject+SearchObject.m */ = {isa = PBXFileReference; fileEncoding = 4; lastKnownFileType = sourcecode.c.objc; path = "AMapSearchObject+SearchObject.m"; sourceTree = "<group>"; };
		276016A41EE8103C00B69CE2 /* TLTextField.h */ = {isa = PBXFileReference; fileEncoding = 4; lastKnownFileType = sourcecode.c.h; path = TLTextField.h; sourceTree = "<group>"; };
		276016A51EE8103C00B69CE2 /* TLTextField.m */ = {isa = PBXFileReference; fileEncoding = 4; lastKnownFileType = sourcecode.c.objc; path = TLTextField.m; sourceTree = "<group>"; };
		279021E11EE6598800A4A7A1 /* TLGaodeMap.app */ = {isa = PBXFileReference; explicitFileType = wrapper.application; includeInIndex = 0; path = TLGaodeMap.app; sourceTree = BUILT_PRODUCTS_DIR; };
		279021E51EE6598800A4A7A1 /* main.m */ = {isa = PBXFileReference; lastKnownFileType = sourcecode.c.objc; path = main.m; sourceTree = "<group>"; };
		279021E71EE6598800A4A7A1 /* AppDelegate.h */ = {isa = PBXFileReference; lastKnownFileType = sourcecode.c.h; path = AppDelegate.h; sourceTree = "<group>"; };
		279021E81EE6598800A4A7A1 /* AppDelegate.m */ = {isa = PBXFileReference; lastKnownFileType = sourcecode.c.objc; path = AppDelegate.m; sourceTree = "<group>"; };
		279021EA1EE6598800A4A7A1 /* ViewController.h */ = {isa = PBXFileReference; lastKnownFileType = sourcecode.c.h; path = ViewController.h; sourceTree = "<group>"; };
		279021EB1EE6598800A4A7A1 /* ViewController.m */ = {isa = PBXFileReference; lastKnownFileType = sourcecode.c.objc; path = ViewController.m; sourceTree = "<group>"; };
		279021EE1EE6598800A4A7A1 /* Base */ = {isa = PBXFileReference; lastKnownFileType = file.storyboard; name = Base; path = Base.lproj/Main.storyboard; sourceTree = "<group>"; };
		279021F01EE6598800A4A7A1 /* Assets.xcassets */ = {isa = PBXFileReference; lastKnownFileType = folder.assetcatalog; path = Assets.xcassets; sourceTree = "<group>"; };
		279021F31EE6598800A4A7A1 /* Base */ = {isa = PBXFileReference; lastKnownFileType = file.storyboard; name = Base; path = Base.lproj/LaunchScreen.storyboard; sourceTree = "<group>"; };
		279021F51EE6598800A4A7A1 /* Info.plist */ = {isa = PBXFileReference; lastKnownFileType = text.plist.xml; path = Info.plist; sourceTree = "<group>"; };
		279026181EE69F2400A4A7A1 /* AMapLocationKit.framework */ = {isa = PBXFileReference; lastKnownFileType = wrapper.framework; name = AMapLocationKit.framework; path = Pods/AMapLocation/AMapLocationKit.framework; sourceTree = "<group>"; };
		27C42A5F1EF779A000357CB5 /* PathPlanningViewController.h */ = {isa = PBXFileReference; fileEncoding = 4; lastKnownFileType = sourcecode.c.h; path = PathPlanningViewController.h; sourceTree = "<group>"; };
		27C42A601EF779A000357CB5 /* PathPlanningViewController.m */ = {isa = PBXFileReference; fileEncoding = 4; lastKnownFileType = sourcecode.c.objc; path = PathPlanningViewController.m; sourceTree = "<group>"; };
		27F2690F1EF8FBA900F914E7 /* DetailsViewController.h */ = {isa = PBXFileReference; fileEncoding = 4; lastKnownFileType = sourcecode.c.h; path = DetailsViewController.h; sourceTree = "<group>"; };
		27F269101EF8FBA900F914E7 /* DetailsViewController.m */ = {isa = PBXFileReference; fileEncoding = 4; lastKnownFileType = sourcecode.c.objc; path = DetailsViewController.m; sourceTree = "<group>"; };
		5490DDEBFD035748352A32DE /* Pods-TLGaodeMap.release.xcconfig */ = {isa = PBXFileReference; includeInIndex = 1; lastKnownFileType = text.xcconfig; name = "Pods-TLGaodeMap.release.xcconfig"; path = "Pods/Target Support Files/Pods-TLGaodeMap/Pods-TLGaodeMap.release.xcconfig"; sourceTree = "<group>"; };
		C8394631F332A9003C39C416 /* Pods-TLGaodeMap.debug.xcconfig */ = {isa = PBXFileReference; includeInIndex = 1; lastKnownFileType = text.xcconfig; name = "Pods-TLGaodeMap.debug.xcconfig"; path = "Pods/Target Support Files/Pods-TLGaodeMap/Pods-TLGaodeMap.debug.xcconfig"; sourceTree = "<group>"; };
/* End PBXFileReference section */

/* Begin PBXFrameworksBuildPhase section */
		279021DE1EE6598800A4A7A1 /* Frameworks */ = {
			isa = PBXFrameworksBuildPhase;
			buildActionMask = 2147483647;
			files = (
				279026191EE69F2400A4A7A1 /* AMapLocationKit.framework in Frameworks */,
				C553439E1A371699C7E21177 /* libPods-TLGaodeMap.a in Frameworks */,
			);
			runOnlyForDeploymentPostprocessing = 0;
		};
/* End PBXFrameworksBuildPhase section */

/* Begin PBXGroup section */
		05519118A0100105C3ADDC6F /* Pods */ = {
			isa = PBXGroup;
			children = (
				C8394631F332A9003C39C416 /* Pods-TLGaodeMap.debug.xcconfig */,
				5490DDEBFD035748352A32DE /* Pods-TLGaodeMap.release.xcconfig */,
			);
			name = Pods;
			sourceTree = "<group>";
		};
		279021D81EE6598800A4A7A1 = {
			isa = PBXGroup;
			children = (
				279021E31EE6598800A4A7A1 /* TLGaodeMap */,
				279021E21EE6598800A4A7A1 /* Products */,
				05519118A0100105C3ADDC6F /* Pods */,
				8A16388FEF9442B68EDD2B1D /* Frameworks */,
			);
			sourceTree = "<group>";
		};
		279021E21EE6598800A4A7A1 /* Products */ = {
			isa = PBXGroup;
			children = (
				279021E11EE6598800A4A7A1 /* TLGaodeMap.app */,
			);
			name = Products;
			sourceTree = "<group>";
		};
		279021E31EE6598800A4A7A1 /* TLGaodeMap */ = {
			isa = PBXGroup;
			children = (
				279021E71EE6598800A4A7A1 /* AppDelegate.h */,
				279021E81EE6598800A4A7A1 /* AppDelegate.m */,
				279021EA1EE6598800A4A7A1 /* ViewController.h */,
				279021EB1EE6598800A4A7A1 /* ViewController.m */,
				2700E2EF1EEF7C680017DA4E /* SearchViewController.h */,
				2700E2F01EEF7C680017DA4E /* SearchViewController.m */,
				27F2690F1EF8FBA900F914E7 /* DetailsViewController.h */,
				27F269101EF8FBA900F914E7 /* DetailsViewController.m */,
				27C42A5F1EF779A000357CB5 /* PathPlanningViewController.h */,
				27C42A601EF779A000357CB5 /* PathPlanningViewController.m */,
				274CC7C41EEFD617009FD9F0 /* MAMapView+MapView.h */,
				274CC7C51EEFD617009FD9F0 /* MAMapView+MapView.m */,
				274CC7C71EF01143009FD9F0 /* AMapSearchObject+SearchObject.h */,
				274CC7C81EF01143009FD9F0 /* AMapSearchObject+SearchObject.m */,
				276016A41EE8103C00B69CE2 /* TLTextField.h */,
				276016A51EE8103C00B69CE2 /* TLTextField.m */,
				27471ABF1EF0E30E00525DA9 /* PullDownTableView.h */,
				27471AC01EF0E30E00525DA9 /* PullDownTableView.m */,
				27471AC21EF0E34C00525DA9 /* SearchReultCell.h */,
				27471AC31EF0E34C00525DA9 /* SearchReultCell.m */,
				27471AC51EF0E7AC00525DA9 /* PlaceResultViewController.h */,
				27471AC61EF0E7AC00525DA9 /* PlaceResultViewController.m */,
				27471AC81EF0E86000525DA9 /* ResultPlaceCell.h */,
				27471AC91EF0E86000525DA9 /* ResultPlaceCell.m */,
				27471ACA1EF0E86000525DA9 /* ResultPlaceCell.xib */,
				279021ED1EE6598800A4A7A1 /* Main.storyboard */,
				279021F01EE6598800A4A7A1 /* Assets.xcassets */,
				279021F21EE6598800A4A7A1 /* LaunchScreen.storyboard */,
				279021F51EE6598800A4A7A1 /* Info.plist */,
				279021E41EE6598800A4A7A1 /* Supporting Files */,
			);
			path = TLGaodeMap;
			sourceTree = "<group>";
		};
		279021E41EE6598800A4A7A1 /* Supporting Files */ = {
			isa = PBXGroup;
			children = (
				279021E51EE6598800A4A7A1 /* main.m */,
			);
			name = "Supporting Files";
			sourceTree = "<group>";
		};
		8A16388FEF9442B68EDD2B1D /* Frameworks */ = {
			isa = PBXGroup;
			children = (
				279026181EE69F2400A4A7A1 /* AMapLocationKit.framework */,
				0B7A7FA6B15435A81C927257 /* libPods-TLGaodeMap.a */,
			);
			name = Frameworks;
			sourceTree = "<group>";
		};
/* End PBXGroup section */

/* Begin PBXNativeTarget section */
		279021E01EE6598800A4A7A1 /* TLGaodeMap */ = {
			isa = PBXNativeTarget;
			buildConfigurationList = 279021F81EE6598800A4A7A1 /* Build configuration list for PBXNativeTarget "TLGaodeMap" */;
			buildPhases = (
				E436501ECDCB18BF0CEC5FFB /* [CP] Check Pods Manifest.lock */,
				279021DD1EE6598800A4A7A1 /* Sources */,
				279021DE1EE6598800A4A7A1 /* Frameworks */,
				279021DF1EE6598800A4A7A1 /* Resources */,
				B6E8DE078803A5DDB42FCEDB /* [CP] Embed Pods Frameworks */,
				0E5D0BC24EBC8A50BB47EE09 /* [CP] Copy Pods Resources */,
			);
			buildRules = (
			);
			dependencies = (
			);
			name = TLGaodeMap;
			productName = TLGaodeMap;
			productReference = 279021E11EE6598800A4A7A1 /* TLGaodeMap.app */;
			productType = "com.apple.product-type.application";
		};
/* End PBXNativeTarget section */

/* Begin PBXProject section */
		279021D91EE6598800A4A7A1 /* Project object */ = {
			isa = PBXProject;
			attributes = {
				LastUpgradeCheck = 0830;
				ORGANIZATIONNAME = zfsoft.com;
				TargetAttributes = {
					279021E01EE6598800A4A7A1 = {
						CreatedOnToolsVersion = 8.3.2;
						DevelopmentTeam = C8BSBVK4XU;
						ProvisioningStyle = Automatic;
						SystemCapabilities = {
							com.apple.BackgroundModes = {
								enabled = 0;
							};
						};
					};
				};
			};
			buildConfigurationList = 279021DC1EE6598800A4A7A1 /* Build configuration list for PBXProject "TLGaodeMap" */;
			compatibilityVersion = "Xcode 3.2";
			developmentRegion = English;
			hasScannedForEncodings = 0;
			knownRegions = (
				en,
				Base,
			);
			mainGroup = 279021D81EE6598800A4A7A1;
			productRefGroup = 279021E21EE6598800A4A7A1 /* Products */;
			projectDirPath = "";
			projectRoot = "";
			targets = (
				279021E01EE6598800A4A7A1 /* TLGaodeMap */,
			);
		};
/* End PBXProject section */

/* Begin PBXResourcesBuildPhase section */
		279021DF1EE6598800A4A7A1 /* Resources */ = {
			isa = PBXResourcesBuildPhase;
			buildActionMask = 2147483647;
			files = (
				27471ACC1EF0E86000525DA9 /* ResultPlaceCell.xib in Resources */,
				279021F41EE6598800A4A7A1 /* LaunchScreen.storyboard in Resources */,
				279021F11EE6598800A4A7A1 /* Assets.xcassets in Resources */,
				279021EF1EE6598800A4A7A1 /* Main.storyboard in Resources */,
			);
			runOnlyForDeploymentPostprocessing = 0;
		};
/* End PBXResourcesBuildPhase section */

/* Begin PBXShellScriptBuildPhase section */
		0E5D0BC24EBC8A50BB47EE09 /* [CP] Copy Pods Resources */ = {
			isa = PBXShellScriptBuildPhase;
			buildActionMask = 2147483647;
			files = (
			);
			inputPaths = (
			);
			name = "[CP] Copy Pods Resources";
			outputPaths = (
			);
			runOnlyForDeploymentPostprocessing = 0;
			shellPath = /bin/sh;
			shellScript = "\"${SRCROOT}/Pods/Target Support Files/Pods-TLGaodeMap/Pods-TLGaodeMap-resources.sh\"\n";
			showEnvVarsInLog = 0;
		};
		B6E8DE078803A5DDB42FCEDB /* [CP] Embed Pods Frameworks */ = {
			isa = PBXShellScriptBuildPhase;
			buildActionMask = 2147483647;
			files = (
			);
			inputPaths = (
			);
			name = "[CP] Embed Pods Frameworks";
			outputPaths = (
			);
			runOnlyForDeploymentPostprocessing = 0;
			shellPath = /bin/sh;
			shellScript = "\"${SRCROOT}/Pods/Target Support Files/Pods-TLGaodeMap/Pods-TLGaodeMap-frameworks.sh\"\n";
			showEnvVarsInLog = 0;
		};
		E436501ECDCB18BF0CEC5FFB /* [CP] Check Pods Manifest.lock */ = {
			isa = PBXShellScriptBuildPhase;
			buildActionMask = 2147483647;
			files = (
			);
			inputPaths = (
			);
			name = "[CP] Check Pods Manifest.lock";
			outputPaths = (
			);
			runOnlyForDeploymentPostprocessing = 0;
			shellPath = /bin/sh;
			shellScript = "diff \"${PODS_ROOT}/../Podfile.lock\" \"${PODS_ROOT}/Manifest.lock\" > /dev/null\nif [ $? != 0 ] ; then\n    # print error to STDERR\n    echo \"error: The sandbox is not in sync with the Podfile.lock. Run 'pod install' or update your CocoaPods installation.\" >&2\n    exit 1\nfi\n";
			showEnvVarsInLog = 0;
		};
/* End PBXShellScriptBuildPhase section */

/* Begin PBXSourcesBuildPhase section */
		279021DD1EE6598800A4A7A1 /* Sources */ = {
			isa = PBXSourcesBuildPhase;
			buildActionMask = 2147483647;
			files = (
				274CC7C91EF01143009FD9F0 /* AMapSearchObject+SearchObject.m in Sources */,
				27471AC71EF0E7AC00525DA9 /* PlaceResultViewController.m in Sources */,
				279021EC1EE6598800A4A7A1 /* ViewController.m in Sources */,
				274CC7C61EEFD617009FD9F0 /* MAMapView+MapView.m in Sources */,
				27F269111EF8FBA900F914E7 /* DetailsViewController.m in Sources */,
				276016A61EE8103C00B69CE2 /* TLTextField.m in Sources */,
				2700E2F21EEF7C680017DA4E /* SearchViewController.m in Sources */,
				27C42A611EF779A000357CB5 /* PathPlanningViewController.m in Sources */,
				279021E91EE6598800A4A7A1 /* AppDelegate.m in Sources */,
				27471AC41EF0E34C00525DA9 /* SearchReultCell.m in Sources */,
				27471AC11EF0E30E00525DA9 /* PullDownTableView.m in Sources */,
				27471ACB1EF0E86000525DA9 /* ResultPlaceCell.m in Sources */,
				279021E61EE6598800A4A7A1 /* main.m in Sources */,
			);
			runOnlyForDeploymentPostprocessing = 0;
		};
/* End PBXSourcesBuildPhase section */

/* Begin PBXVariantGroup section */
		279021ED1EE6598800A4A7A1 /* Main.storyboard */ = {
			isa = PBXVariantGroup;
			children = (
				279021EE1EE6598800A4A7A1 /* Base */,
			);
			name = Main.storyboard;
			sourceTree = "<group>";
		};
		279021F21EE6598800A4A7A1 /* LaunchScreen.storyboard */ = {
			isa = PBXVariantGroup;
			children = (
				279021F31EE6598800A4A7A1 /* Base */,
			);
			name = LaunchScreen.storyboard;
			sourceTree = "<group>";
		};
/* End PBXVariantGroup section */

/* Begin XCBuildConfiguration section */
		279021F61EE6598800A4A7A1 /* Debug */ = {
			isa = XCBuildConfiguration;
			buildSettings = {
				ALWAYS_SEARCH_USER_PATHS = NO;
				CLANG_ANALYZER_NONNULL = YES;
				CLANG_ANALYZER_NUMBER_OBJECT_CONVERSION = YES_AGGRESSIVE;
				CLANG_CXX_LANGUAGE_STANDARD = "gnu++0x";
				CLANG_CXX_LIBRARY = "libc++";
				CLANG_ENABLE_MODULES = YES;
				CLANG_ENABLE_OBJC_ARC = YES;
				CLANG_WARN_BOOL_CONVERSION = YES;
				CLANG_WARN_CONSTANT_CONVERSION = YES;
				CLANG_WARN_DIRECT_OBJC_ISA_USAGE = YES_ERROR;
				CLANG_WARN_DOCUMENTATION_COMMENTS = YES;
				CLANG_WARN_EMPTY_BODY = YES;
				CLANG_WARN_ENUM_CONVERSION = YES;
				CLANG_WARN_INFINITE_RECURSION = YES;
				CLANG_WARN_INT_CONVERSION = YES;
				CLANG_WARN_OBJC_ROOT_CLASS = YES_ERROR;
				CLANG_WARN_SUSPICIOUS_MOVE = YES;
				CLANG_WARN_UNREACHABLE_CODE = YES;
				CLANG_WARN__DUPLICATE_METHOD_MATCH = YES;
				"CODE_SIGN_IDENTITY[sdk=iphoneos*]" = "iPhone Developer";
				COPY_PHASE_STRIP = NO;
				DEBUG_INFORMATION_FORMAT = dwarf;
				ENABLE_STRICT_OBJC_MSGSEND = YES;
				ENABLE_TESTABILITY = YES;
				GCC_C_LANGUAGE_STANDARD = gnu99;
				GCC_DYNAMIC_NO_PIC = NO;
				GCC_NO_COMMON_BLOCKS = YES;
				GCC_OPTIMIZATION_LEVEL = 0;
				GCC_PREPROCESSOR_DEFINITIONS = (
					"DEBUG=1",
					"$(inherited)",
				);
				GCC_WARN_64_TO_32_BIT_CONVERSION = YES;
				GCC_WARN_ABOUT_RETURN_TYPE = YES_ERROR;
				GCC_WARN_UNDECLARED_SELECTOR = YES;
				GCC_WARN_UNINITIALIZED_AUTOS = YES_AGGRESSIVE;
				GCC_WARN_UNUSED_FUNCTION = YES;
				GCC_WARN_UNUSED_VARIABLE = YES;
				IPHONEOS_DEPLOYMENT_TARGET = 10.3;
				MTL_ENABLE_DEBUG_INFO = YES;
				ONLY_ACTIVE_ARCH = YES;
				SDKROOT = iphoneos;
				TARGETED_DEVICE_FAMILY = "1,2";
			};
			name = Debug;
		};
		279021F71EE6598800A4A7A1 /* Release */ = {
			isa = XCBuildConfiguration;
			buildSettings = {
				ALWAYS_SEARCH_USER_PATHS = NO;
				CLANG_ANALYZER_NONNULL = YES;
				CLANG_ANALYZER_NUMBER_OBJECT_CONVERSION = YES_AGGRESSIVE;
				CLANG_CXX_LANGUAGE_STANDARD = "gnu++0x";
				CLANG_CXX_LIBRARY = "libc++";
				CLANG_ENABLE_MODULES = YES;
				CLANG_ENABLE_OBJC_ARC = YES;
				CLANG_WARN_BOOL_CONVERSION = YES;
				CLANG_WARN_CONSTANT_CONVERSION = YES;
				CLANG_WARN_DIRECT_OBJC_ISA_USAGE = YES_ERROR;
				CLANG_WARN_DOCUMENTATION_COMMENTS = YES;
				CLANG_WARN_EMPTY_BODY = YES;
				CLANG_WARN_ENUM_CONVERSION = YES;
				CLANG_WARN_INFINITE_RECURSION = YES;
				CLANG_WARN_INT_CONVERSION = YES;
				CLANG_WARN_OBJC_ROOT_CLASS = YES_ERROR;
				CLANG_WARN_SUSPICIOUS_MOVE = YES;
				CLANG_WARN_UNREACHABLE_CODE = YES;
				CLANG_WARN__DUPLICATE_METHOD_MATCH = YES;
				"CODE_SIGN_IDENTITY[sdk=iphoneos*]" = "iPhone Developer";
				COPY_PHASE_STRIP = NO;
				DEBUG_INFORMATION_FORMAT = "dwarf-with-dsym";
				ENABLE_NS_ASSERTIONS = NO;
				ENABLE_STRICT_OBJC_MSGSEND = YES;
				GCC_C_LANGUAGE_STANDARD = gnu99;
				GCC_NO_COMMON_BLOCKS = YES;
				GCC_WARN_64_TO_32_BIT_CONVERSION = YES;
				GCC_WARN_ABOUT_RETURN_TYPE = YES_ERROR;
				GCC_WARN_UNDECLARED_SELECTOR = YES;
				GCC_WARN_UNINITIALIZED_AUTOS = YES_AGGRESSIVE;
				GCC_WARN_UNUSED_FUNCTION = YES;
				GCC_WARN_UNUSED_VARIABLE = YES;
				IPHONEOS_DEPLOYMENT_TARGET = 10.3;
				MTL_ENABLE_DEBUG_INFO = NO;
				SDKROOT = iphoneos;
				TARGETED_DEVICE_FAMILY = "1,2";
				VALIDATE_PRODUCT = YES;
			};
			name = Release;
		};
		279021F91EE6598800A4A7A1 /* Debug */ = {
			isa = XCBuildConfiguration;
			baseConfigurationReference = C8394631F332A9003C39C416 /* Pods-TLGaodeMap.debug.xcconfig */;
			buildSettings = {
				ASSETCATALOG_COMPILER_APPICON_NAME = AppIcon;
				DEVELOPMENT_TEAM = C8BSBVK4XU;
				FRAMEWORK_SEARCH_PATHS = (
					"$(inherited)",
					"$(PROJECT_DIR)/Pods/AMapLocation",
				);
				INFOPLIST_FILE = TLGaodeMap/Info.plist;
				IPHONEOS_DEPLOYMENT_TARGET = 8.0;
				LD_RUNPATH_SEARCH_PATHS = "$(inherited) @executable_path/Frameworks";
				PRODUCT_BUNDLE_IDENTIFIER = com.zfsoft.TLGaodeMap;
				PRODUCT_NAME = "$(TARGET_NAME)";
			};
			name = Debug;
		};
		279021FA1EE6598800A4A7A1 /* Release */ = {
			isa = XCBuildConfiguration;
			baseConfigurationReference = 5490DDEBFD035748352A32DE /* Pods-TLGaodeMap.release.xcconfig */;
			buildSettings = {
				ASSETCATALOG_COMPILER_APPICON_NAME = AppIcon;
				DEVELOPMENT_TEAM = C8BSBVK4XU;
				FRAMEWORK_SEARCH_PATHS = (
					"$(inherited)",
					"$(PROJECT_DIR)/Pods/AMapLocation",
				);
				INFOPLIST_FILE = TLGaodeMap/Info.plist;
				IPHONEOS_DEPLOYMENT_TARGET = 8.0;
				LD_RUNPATH_SEARCH_PATHS = "$(inherited) @executable_path/Frameworks";
				PRODUCT_BUNDLE_IDENTIFIER = com.zfsoft.TLGaodeMap;
				PRODUCT_NAME = "$(TARGET_NAME)";
			};
			name = Release;
		};
/* End XCBuildConfiguration section */

/* Begin XCConfigurationList section */
		279021DC1EE6598800A4A7A1 /* Build configuration list for PBXProject "TLGaodeMap" */ = {
			isa = XCConfigurationList;
			buildConfigurations = (
				279021F61EE6598800A4A7A1 /* Debug */,
				279021F71EE6598800A4A7A1 /* Release */,
			);
			defaultConfigurationIsVisible = 0;
			defaultConfigurationName = Release;
		};
		279021F81EE6598800A4A7A1 /* Build configuration list for PBXNativeTarget "TLGaodeMap" */ = {
			isa = XCConfigurationList;
			buildConfigurations = (
				279021F91EE6598800A4A7A1 /* Debug */,
				279021FA1EE6598800A4A7A1 /* Release */,
			);
			defaultConfigurationIsVisible = 0;
			defaultConfigurationName = Release;
		};
/* End XCConfigurationList section */
	};
	rootObject = 279021D91EE6598800A4A7A1 /* Project object */;
}
