PODS:
  - AMapFoundation (1.3.1)
  - AMapLocation (2.1.1):
    - AMapFoundation (~> 1.2)

DEPENDENCIES:
  - AMapLocation

SPEC CHECKSUMS:
  AMapFoundation: 636834a27cd003084f56b4232f3031e6a44c7e7e
  AMapLocation: dd203f76b034ef5cb546600f4e1ffad2a3a14072

PODFILE CHECKSUM: d5bb9809c7caf69a78fc278bbc5d8a7cfbcae3bb

COCOAPODS: 1.1.1
